
Microsoft Visual Studio Solution File, Format Version 12.00
Project("{FAE04EC0-301F-11D3-BF4B-00C04F79EFBC}") = "ApiAlertaDengue", "ApiAlertaDengue\ApiAlertaDengue.csproj", "{5173879C-27CA-4E06-98E2-3C7CBEC836AE}"
EndProject
Global
	GlobalSection(SolutionConfigurationPlatforms) = preSolution
		Debug|Any CPU = Debug|Any CPU
		Release|Any CPU = Release|Any CPU
	EndGlobalSection
	GlobalSection(ProjectConfigurationPlatforms) = postSolution
		{5173879C-27CA-4E06-98E2-3C7CBEC836AE}.Debug|Any CPU.ActiveCfg = Debug|Any CPU
		{5173879C-27CA-4E06-98E2-3C7CBEC836AE}.Debug|Any CPU.Build.0 = Debug|Any CPU
		{5173879C-27CA-4E06-98E2-3C7CBEC836AE}.Release|Any CPU.ActiveCfg = Release|Any CPU
		{5173879C-27CA-4E06-98E2-3C7CBEC836AE}.Release|Any CPU.Build.0 = Release|Any CPU
	EndGlobalSection
EndGlobal
